// !$*UTF8*$!
{
	archiveVersion = 1;
	classes = {
	};
	objectVersion = 56;
	objects = {

/* Begin PBXBuildFile section */
		1F22772FC09D33B2ADE6A3B2 /* Pods_AlamofireTest.framework in Frameworks */ = {isa = PBXBuildFile; fileRef = FEAF34FE16127037BB47CB3E /* Pods_AlamofireTest.framework */; };
		9C13804B299DCA4A00BE1486 /* AppDelegate.swift in Sources */ = {isa = PBXBuildFile; fileRef = 9C13804A299DCA4A00BE1486 /* AppDelegate.swift */; };
		9C13804D299DCA4A00BE1486 /* SceneDelegate.swift in Sources */ = {isa = PBXBuildFile; fileRef = 9C13804C299DCA4A00BE1486 /* SceneDelegate.swift */; };
		9C13804F299DCA4A00BE1486 /* ViewController.swift in Sources */ = {isa = PBXBuildFile; fileRef = 9C13804E299DCA4A00BE1486 /* ViewController.swift */; };
		9C138054299DCA4B00BE1486 /* Assets.xcassets in Resources */ = {isa = PBXBuildFile; fileRef = 9C138053299DCA4B00BE1486 /* Assets.xcassets */; };
		9C138057299DCA4B00BE1486 /* LaunchScreen.storyboard in Resources */ = {isa = PBXBuildFile; fileRef = 9C138055299DCA4B00BE1486 /* LaunchScreen.storyboard */; };
		9C13806129A2256B00BE1486 /* Character.swift in Sources */ = {isa = PBXBuildFile; fileRef = 9C13806029A2256B00BE1486 /* Character.swift */; };
		9C13806329A2293100BE1486 /* ListView.swift in Sources */ = {isa = PBXBuildFile; fileRef = 9C13806229A2293100BE1486 /* ListView.swift */; };
		9C13806529A22BBC00BE1486 /* NetworkManager.swift in Sources */ = {isa = PBXBuildFile; fileRef = 9C13806429A22BBC00BE1486 /* NetworkManager.swift */; };
		9C13806929A30D5300BE1486 /* ListCell.swift in Sources */ = {isa = PBXBuildFile; fileRef = 9C13806829A30D5300BE1486 /* ListCell.swift */; };
/* End PBXBuildFile section */

/* Begin PBXFileReference section */
		9C138047299DCA4A00BE1486 /* AlamofireTest.app */ = {isa = PBXFileReference; explicitFileType = wrapper.application; includeInIndex = 0; path = AlamofireTest.app; sourceTree = BUILT_PRODUCTS_DIR; };
		9C13804A299DCA4A00BE1486 /* AppDelegate.swift */ = {isa = PBXFileReference; lastKnownFileType = sourcecode.swift; path = AppDelegate.swift; sourceTree = "<group>"; };
		9C13804C299DCA4A00BE1486 /* SceneDelegate.swift */ = {isa = PBXFileReference; lastKnownFileType = sourcecode.swift; path = SceneDelegate.swift; sourceTree = "<group>"; };
		9C13804E299DCA4A00BE1486 /* ViewController.swift */ = {isa = PBXFileReference; lastKnownFileType = sourcecode.swift; path = ViewController.swift; sourceTree = "<group>"; };
		9C138053299DCA4B00BE1486 /* Assets.xcassets */ = {isa = PBXFileReference; lastKnownFileType = folder.assetcatalog; path = Assets.xcassets; sourceTree = "<group>"; };
		9C138056299DCA4B00BE1486 /* Base */ = {isa = PBXFileReference; lastKnownFileType = file.storyboard; name = Base; path = Base.lproj/LaunchScreen.storyboard; sourceTree = "<group>"; };
		9C138058299DCA4B00BE1486 /* Info.plist */ = {isa = PBXFileReference; lastKnownFileType = text.plist.xml; path = Info.plist; sourceTree = "<group>"; };
		9C13806029A2256B00BE1486 /* Character.swift */ = {isa = PBXFileReference; lastKnownFileType = sourcecode.swift; path = Character.swift; sourceTree = "<group>"; };
		9C13806229A2293100BE1486 /* ListView.swift */ = {isa = PBXFileReference; lastKnownFileType = sourcecode.swift; path = ListView.swift; sourceTree = "<group>"; };
		9C13806429A22BBC00BE1486 /* NetworkManager.swift */ = {isa = PBXFileReference; lastKnownFileType = sourcecode.swift; path = NetworkManager.swift; sourceTree = "<group>"; };
		9C13806829A30D5300BE1486 /* ListCell.swift */ = {isa = PBXFileReference; lastKnownFileType = sourcecode.swift; path = ListCell.swift; sourceTree = "<group>"; };
		A46C62FA4EC3CED92F17EF3D /* Pods-AlamofireTest.debug.xcconfig */ = {isa = PBXFileReference; includeInIndex = 1; lastKnownFileType = text.xcconfig; name = "Pods-AlamofireTest.debug.xcconfig"; path = "Target Support Files/Pods-AlamofireTest/Pods-AlamofireTest.debug.xcconfig"; sourceTree = "<group>"; };
		B1FC582F0D44425CAC28985E /* Pods-AlamofireTest.release.xcconfig */ = {isa = PBXFileReference; includeInIndex = 1; lastKnownFileType = text.xcconfig; name = "Pods-AlamofireTest.release.xcconfig"; path = "Target Support Files/Pods-AlamofireTest/Pods-AlamofireTest.release.xcconfig"; sourceTree = "<group>"; };
		FEAF34FE16127037BB47CB3E /* Pods_AlamofireTest.framework */ = {isa = PBXFileReference; explicitFileType = wrapper.framework; includeInIndex = 0; path = Pods_AlamofireTest.framework; sourceTree = BUILT_PRODUCTS_DIR; };
/* End PBXFileReference section */

/* Begin PBXFrameworksBuildPhase section */
		9C138044299DCA4A00BE1486 /* Frameworks */ = {
			isa = PBXFrameworksBuildPhase;
			buildActionMask = 2147483647;
			files = (
				1F22772FC09D33B2ADE6A3B2 /* Pods_AlamofireTest.framework in Frameworks */,
			);
			runOnlyForDeploymentPostprocessing = 0;
		};
/* End PBXFrameworksBuildPhase section */

/* Begin PBXGroup section */
		54E0136BAD0ACB5F2D2CE204 /* Frameworks */ = {
			isa = PBXGroup;
			children = (
				FEAF34FE16127037BB47CB3E /* Pods_AlamofireTest.framework */,
			);
			name = Frameworks;
			sourceTree = "<group>";
		};
		91A5B4F193815DEE4B4F27FE /* Pods */ = {
			isa = PBXGroup;
			children = (
				A46C62FA4EC3CED92F17EF3D /* Pods-AlamofireTest.debug.xcconfig */,
				B1FC582F0D44425CAC28985E /* Pods-AlamofireTest.release.xcconfig */,
			);
			path = Pods;
			sourceTree = "<group>";
		};
		9C13803E299DCA4A00BE1486 = {
			isa = PBXGroup;
			children = (
				9C138049299DCA4A00BE1486 /* AlamofireTest */,
				9C138048299DCA4A00BE1486 /* Products */,
				91A5B4F193815DEE4B4F27FE /* Pods */,
				54E0136BAD0ACB5F2D2CE204 /* Frameworks */,
			);
			sourceTree = "<group>";
		};
		9C138048299DCA4A00BE1486 /* Products */ = {
			isa = PBXGroup;
			children = (
				9C138047299DCA4A00BE1486 /* AlamofireTest.app */,
			);
			name = Products;
			sourceTree = "<group>";
		};
		9C138049299DCA4A00BE1486 /* AlamofireTest */ = {
			isa = PBXGroup;
			children = (
				9C13804A299DCA4A00BE1486 /* AppDelegate.swift */,
				9C13804C299DCA4A00BE1486 /* SceneDelegate.swift */,
				9C13804E299DCA4A00BE1486 /* ViewController.swift */,
				9C13806429A22BBC00BE1486 /* NetworkManager.swift */,
				9C13806229A2293100BE1486 /* ListView.swift */,
				9C13806829A30D5300BE1486 /* ListCell.swift */,
				9C13806029A2256B00BE1486 /* Character.swift */,
				9C138053299DCA4B00BE1486 /* Assets.xcassets */,
				9C138055299DCA4B00BE1486 /* LaunchScreen.storyboard */,
				9C138058299DCA4B00BE1486 /* Info.plist */,
			);
			path = AlamofireTest;
			sourceTree = "<group>";
		};
/* End PBXGroup section */

/* Begin PBXNativeTarget section */
		9C138046299DCA4A00BE1486 /* AlamofireTest */ = {
			isa = PBXNativeTarget;
			buildConfigurationList = 9C13805B299DCA4B00BE1486 /* Build configuration list for PBXNativeTarget "AlamofireTest" */;
			buildPhases = (
				2CD4E731CBEF35EC51171CAA /* [CP] Check Pods Manifest.lock */,
				9C138043299DCA4A00BE1486 /* Sources */,
				9C138044299DCA4A00BE1486 /* Frameworks */,
				9C138045299DCA4A00BE1486 /* Resources */,
				CB3CF385F244ABBB06F0B3A6 /* [CP] Embed Pods Frameworks */,
			);
			buildRules = (
			);
			dependencies = (
			);
			name = AlamofireTest;
			productName = AlamofireTest;
			productReference = 9C138047299DCA4A00BE1486 /* AlamofireTest.app */;
			productType = "com.apple.product-type.application";
		};
/* End PBXNativeTarget section */

/* Begin PBXProject section */
		9C13803F299DCA4A00BE1486 /* Project object */ = {
			isa = PBXProject;
			attributes = {
				BuildIndependentTargetsInParallel = 1;
				LastSwiftUpdateCheck = 1420;
				LastUpgradeCheck = 1420;
				TargetAttributes = {
					9C138046299DCA4A00BE1486 = {
						CreatedOnToolsVersion = 14.2;
					};
				};
			};
			buildConfigurationList = 9C138042299DCA4A00BE1486 /* Build configuration list for PBXProject "AlamofireTest" */;
			compatibilityVersion = "Xcode 14.0";
			developmentRegion = en;
			hasScannedForEncodings = 0;
			knownRegions = (
				en,
				Base,
			);
			mainGroup = 9C13803E299DCA4A00BE1486;
			productRefGroup = 9C138048299DCA4A00BE1486 /* Products */;
			projectDirPath = "";
			projectRoot = "";
			targets = (
				9C138046299DCA4A00BE1486 /* AlamofireTest */,
			);
		};
/* End PBXProject section */

/* Begin PBXResourcesBuildPhase section */
		9C138045299DCA4A00BE1486 /* Resources */ = {
			isa = PBXResourcesBuildPhase;
			buildActionMask = 2147483647;
			files = (
				9C138057299DCA4B00BE1486 /* LaunchScreen.storyboard in Resources */,
				9C138054299DCA4B00BE1486 /* Assets.xcassets in Resources */,
			);
			runOnlyForDeploymentPostprocessing = 0;
		};
/* End PBXResourcesBuildPhase section */

/* Begin PBXShellScriptBuildPhase section */
		2CD4E731CBEF35EC51171CAA /* [CP] Check Pods Manifest.lock */ = {
			isa = PBXShellScriptBuildPhase;
			buildActionMask = 2147483647;
			files = (
			);
			inputFileListPaths = (
			);
			inputPaths = (
				"${PODS_PODFILE_DIR_PATH}/Podfile.lock",
				"${PODS_ROOT}/Manifest.lock",
			);
			name = "[CP] Check Pods Manifest.lock";
			outputFileListPaths = (
			);
			outputPaths = (
				"$(DERIVED_FILE_DIR)/Pods-AlamofireTest-checkManifestLockResult.txt",
			);
			runOnlyForDeploymentPostprocessing = 0;
			shellPath = /bin/sh;
			shellScript = "diff \"${PODS_PODFILE_DIR_PATH}/Podfile.lock\" \"${PODS_ROOT}/Manifest.lock\" > /dev/null\nif [ $? != 0 ] ; then\n    # print error to STDERR\n    echo \"error: The sandbox is not in sync with the Podfile.lock. Run 'pod install' or update your CocoaPods installation.\" >&2\n    exit 1\nfi\n# This output is used by Xcode 'outputs' to avoid re-running this script phase.\necho \"SUCCESS\" > \"${SCRIPT_OUTPUT_FILE_0}\"\n";
			showEnvVarsInLog = 0;
		};
		CB3CF385F244ABBB06F0B3A6 /* [CP] Embed Pods Frameworks */ = {
			isa = PBXShellScriptBuildPhase;
			buildActionMask = 2147483647;
			files = (
			);
			inputFileListPaths = (
				"${PODS_ROOT}/Target Support Files/Pods-AlamofireTest/Pods-AlamofireTest-frameworks-${CONFIGURATION}-input-files.xcfilelist",
			);
			name = "[CP] Embed Pods Frameworks";
			outputFileListPaths = (
				"${PODS_ROOT}/Target Support Files/Pods-AlamofireTest/Pods-AlamofireTest-frameworks-${CONFIGURATION}-output-files.xcfilelist",
			);
			runOnlyForDeploymentPostprocessing = 0;
			shellPath = /bin/sh;
			shellScript = "\"${PODS_ROOT}/Target Support Files/Pods-AlamofireTest/Pods-AlamofireTest-frameworks.sh\"\n";
			showEnvVarsInLog = 0;
		};
/* End PBXShellScriptBuildPhase section */

/* Begin PBXSourcesBuildPhase section */
		9C138043299DCA4A00BE1486 /* Sources */ = {
			isa = PBXSourcesBuildPhase;
			buildActionMask = 2147483647;
			files = (
				9C13806529A22BBC00BE1486 /* NetworkManager.swift in Sources */,
				9C13804F299DCA4A00BE1486 /* ViewController.swift in Sources */,
				9C13804B299DCA4A00BE1486 /* AppDelegate.swift in Sources */,
				9C13806929A30D5300BE1486 /* ListCell.swift in Sources */,
				9C13806329A2293100BE1486 /* ListView.swift in Sources */,
				9C13804D299DCA4A00BE1486 /* SceneDelegate.swift in Sources */,
				9C13806129A2256B00BE1486 /* Character.swift in Sources */,
			);
			runOnlyForDeploymentPostprocessing = 0;
		};
/* End PBXSourcesBuildPhase section */

/* Begin PBXVariantGroup section */
		9C138055299DCA4B00BE1486 /* LaunchScreen.storyboard */ = {
			isa = PBXVariantGroup;
			children = (
				9C138056299DCA4B00BE1486 /* Base */,
			);
			name = LaunchScreen.storyboard;
			sourceTree = "<group>";
		};
/* End PBXVariantGroup section */

/* Begin XCBuildConfiguration section */
		9C138059299DCA4B00BE1486 /* Debug */ = {
			isa = XCBuildConfiguration;
			buildSettings = {
				ALWAYS_SEARCH_USER_PATHS = NO;
				CLANG_ANALYZER_NONNULL = YES;
				CLANG_ANALYZER_NUMBER_OBJECT_CONVERSION = YES_AGGRESSIVE;
				CLANG_CXX_LANGUAGE_STANDARD = "gnu++20";
				CLANG_ENABLE_MODULES = YES;
				CLANG_ENABLE_OBJC_ARC = YES;
				CLANG_ENABLE_OBJC_WEAK = YES;
				CLANG_WARN_BLOCK_CAPTURE_AUTORELEASING = YES;
				CLANG_WARN_BOOL_CONVERSION = YES;
				CLANG_WARN_COMMA = YES;
				CLANG_WARN_CONSTANT_CONVERSION = YES;
				CLANG_WARN_DEPRECATED_OBJC_IMPLEMENTATIONS = YES;
				CLANG_WARN_DIRECT_OBJC_ISA_USAGE = YES_ERROR;
				CLANG_WARN_DOCUMENTATION_COMMENTS = YES;
				CLANG_WARN_EMPTY_BODY = YES;
				CLANG_WARN_ENUM_CONVERSION = YES;
				CLANG_WARN_INFINITE_RECURSION = YES;
				CLANG_WARN_INT_CONVERSION = YES;
				CLANG_WARN_NON_LITERAL_NULL_CONVERSION = YES;
				CLANG_WARN_OBJC_IMPLICIT_RETAIN_SELF = YES;
				CLANG_WARN_OBJC_LITERAL_CONVERSION = YES;
				CLANG_WARN_OBJC_ROOT_CLASS = YES_ERROR;
				CLANG_WARN_QUOTED_INCLUDE_IN_FRAMEWORK_HEADER = YES;
				CLANG_WARN_RANGE_LOOP_ANALYSIS = YES;
				CLANG_WARN_STRICT_PROTOTYPES = YES;
				CLANG_WARN_SUSPICIOUS_MOVE = YES;
				CLANG_WARN_UNGUARDED_AVAILABILITY = YES_AGGRESSIVE;
				CLANG_WARN_UNREACHABLE_CODE = YES;
				CLANG_WARN__DUPLICATE_METHOD_MATCH = YES;
				COPY_PHASE_STRIP = NO;
				DEBUG_INFORMATION_FORMAT = dwarf;
				ENABLE_STRICT_OBJC_MSGSEND = YES;
				ENABLE_TESTABILITY = YES;
				GCC_C_LANGUAGE_STANDARD = gnu11;
				GCC_DYNAMIC_NO_PIC = NO;
				GCC_NO_COMMON_BLOCKS = YES;
				GCC_OPTIMIZATION_LEVEL = 0;
				GCC_PREPROCESSOR_DEFINITIONS = (
					"DEBUG=1",
					"$(inherited)",
				);
				GCC_WARN_64_TO_32_BIT_CONVERSION = YES;
				GCC_WARN_ABOUT_RETURN_TYPE = YES_ERROR;
				GCC_WARN_UNDECLARED_SELECTOR = YES;
				GCC_WARN_UNINITIALIZED_AUTOS = YES_AGGRESSIVE;
				GCC_WARN_UNUSED_FUNCTION = YES;
				GCC_WARN_UNUSED_VARIABLE = YES;
				IPHONEOS_DEPLOYMENT_TARGET = 14.0;
				MTL_ENABLE_DEBUG_INFO = INCLUDE_SOURCE;
				MTL_FAST_MATH = YES;
				ONLY_ACTIVE_ARCH = YES;
				SDKROOT = iphoneos;
				SWIFT_ACTIVE_COMPILATION_CONDITIONS = DEBUG;
				SWIFT_OPTIMIZATION_LEVEL = "-Onone";
			};
			name = Debug;
		};
		9C13805A299DCA4B00BE1486 /* Release */ = {
			isa = XCBuildConfiguration;
			buildSettings = {
				ALWAYS_SEARCH_USER_PATHS = NO;
				CLANG_ANALYZER_NONNULL = YES;
				CLANG_ANALYZER_NUMBER_OBJECT_CONVERSION = YES_AGGRESSIVE;
				CLANG_CXX_LANGUAGE_STANDARD = "gnu++20";
				CLANG_ENABLE_MODULES = YES;
				CLANG_ENABLE_OBJC_ARC = YES;
				CLANG_ENABLE_OBJC_WEAK = YES;
				CLANG_WARN_BLOCK_CAPTURE_AUTORELEASING = YES;
				CLANG_WARN_BOOL_CONVERSION = YES;
				CLANG_WARN_COMMA = YES;
				CLANG_WARN_CONSTANT_CONVERSION = YES;
				CLANG_WARN_DEPRECATED_OBJC_IMPLEMENTATIONS = YES;
				CLANG_WARN_DIRECT_OBJC_ISA_USAGE = YES_ERROR;
				CLANG_WARN_DOCUMENTATION_COMMENTS = YES;
				CLANG_WARN_EMPTY_BODY = YES;
				CLANG_WARN_ENUM_CONVERSION = YES;
				CLANG_WARN_INFINITE_RECURSION = YES;
				CLANG_WARN_INT_CONVERSION = YES;
				CLANG_WARN_NON_LITERAL_NULL_CONVERSION = YES;
				CLANG_WARN_OBJC_IMPLICIT_RETAIN_SELF = YES;
				CLANG_WARN_OBJC_LITERAL_CONVERSION = YES;
				CLANG_WARN_OBJC_ROOT_CLASS = YES_ERROR;
				CLANG_WARN_QUOTED_INCLUDE_IN_FRAMEWORK_HEADER = YES;
				CLANG_WARN_RANGE_LOOP_ANALYSIS = YES;
				CLANG_WARN_STRICT_PROTOTYPES = YES;
				CLANG_WARN_SUSPICIOUS_MOVE = YES;
				CLANG_WARN_UNGUARDED_AVAILABILITY = YES_AGGRESSIVE;
				CLANG_WARN_UNREACHABLE_CODE = YES;
				CLANG_WARN__DUPLICATE_METHOD_MATCH = YES;
				COPY_PHASE_STRIP = NO;
				DEBUG_INFORMATION_FORMAT = "dwarf-with-dsym";
				ENABLE_NS_ASSERTIONS = NO;
				ENABLE_STRICT_OBJC_MSGSEND = YES;
				GCC_C_LANGUAGE_STANDARD = gnu11;
				GCC_NO_COMMON_BLOCKS = YES;
				GCC_WARN_64_TO_32_BIT_CONVERSION = YES;
				GCC_WARN_ABOUT_RETURN_TYPE = YES_ERROR;
				GCC_WARN_UNDECLARED_SELECTOR = YES;
				GCC_WARN_UNINITIALIZED_AUTOS = YES_AGGRESSIVE;
				GCC_WARN_UNUSED_FUNCTION = YES;
				GCC_WARN_UNUSED_VARIABLE = YES;
				IPHONEOS_DEPLOYMENT_TARGET = 14.0;
				MTL_ENABLE_DEBUG_INFO = NO;
				MTL_FAST_MATH = YES;
				SDKROOT = iphoneos;
				SWIFT_COMPILATION_MODE = wholemodule;
				SWIFT_OPTIMIZATION_LEVEL = "-O";
				VALIDATE_PRODUCT = YES;
			};
			name = Release;
		};
		9C13805C299DCA4B00BE1486 /* Debug */ = {
			isa = XCBuildConfiguration;
			baseConfigurationReference = A46C62FA4EC3CED92F17EF3D /* Pods-AlamofireTest.debug.xcconfig */;
			buildSettings = {
				ASSETCATALOG_COMPILER_APPICON_NAME = AppIcon;
				ASSETCATALOG_COMPILER_GLOBAL_ACCENT_COLOR_NAME = AccentColor;
				CODE_SIGN_STYLE = Automatic;
				CURRENT_PROJECT_VERSION = 1;
				DEVELOPMENT_TEAM = D5XZHDVBDY;
				GENERATE_INFOPLIST_FILE = YES;
				INFOPLIST_FILE = AlamofireTest/Info.plist;
				INFOPLIST_KEY_UIApplicationSupportsIndirectInputEvents = YES;
				INFOPLIST_KEY_UILaunchStoryboardName = LaunchScreen;
				INFOPLIST_KEY_UISupportedInterfaceOrientations = UIInterfaceOrientationPortrait;
				INFOPLIST_KEY_UISupportedInterfaceOrientations_iPad = "UIInterfaceOrientationLandscapeLeft UIInterfaceOrientationLandscapeRight UIInterfaceOrientationPortrait UIInterfaceOrientationPortraitUpsideDown";
				IPHONEOS_DEPLOYMENT_TARGET = 14.0;
				LD_RUNPATH_SEARCH_PATHS = (
					"$(inherited)",
					"@executable_path/Frameworks",
				);
				MARKETING_VERSION = 1.0;
				PRODUCT_BUNDLE_IDENTIFIER = com.artemykv.AlamofireTest;
				PRODUCT_NAME = "$(TARGET_NAME)";
				SUPPORTED_PLATFORMS = "iphoneos iphonesimulator";
				SUPPORTS_MACCATALYST = NO;
				SUPPORTS_MAC_DESIGNED_FOR_IPHONE_IPAD = NO;
				SWIFT_EMIT_LOC_STRINGS = YES;
				SWIFT_VERSION = 5.0;
				TARGETED_DEVICE_FAMILY = 1;
			};
			name = Debug;
		};
		9C13805D299DCA4B00BE1486 /* Release */ = {
			isa = XCBuildConfiguration;
			baseConfigurationReference = B1FC582F0D44425CAC28985E /* Pods-AlamofireTest.release.xcconfig */;
			buildSettings = {
				ASSETCATALOG_COMPILER_APPICON_NAME = AppIcon;
				ASSETCATALOG_COMPILER_GLOBAL_ACCENT_COLOR_NAME = AccentColor;
				CODE_SIGN_STYLE = Automatic;
				CURRENT_PROJECT_VERSION = 1;
				DEVELOPMENT_TEAM = D5XZHDVBDY;
				GENERATE_INFOPLIST_FILE = YES;
				INFOPLIST_FILE = AlamofireTest/Info.plist;
				INFOPLIST_KEY_UIApplicationSupportsIndirectInputEvents = YES;
				INFOPLIST_KEY_UILaunchStoryboardName = LaunchScreen;
				INFOPLIST_KEY_UISupportedInterfaceOrientations = UIInterfaceOrientationPortrait;
				INFOPLIST_KEY_UISupportedInterfaceOrientations_iPad = "UIInterfaceOrientationLandscapeLeft UIInterfaceOrientationLandscapeRight UIInterfaceOrientationPortrait UIInterfaceOrientationPortraitUpsideDown";
				IPHONEOS_DEPLOYMENT_TARGET = 14.0;
				LD_RUNPATH_SEARCH_PATHS = (
					"$(inherited)",
					"@executable_path/Frameworks",
				);
				MARKETING_VERSION = 1.0;
				PRODUCT_BUNDLE_IDENTIFIER = com.artemykv.AlamofireTest;
				PRODUCT_NAME = "$(TARGET_NAME)";
				SUPPORTED_PLATFORMS = "iphoneos iphonesimulator";
				SUPPORTS_MACCATALYST = NO;
				SUPPORTS_MAC_DESIGNED_FOR_IPHONE_IPAD = NO;
				SWIFT_EMIT_LOC_STRINGS = YES;
				SWIFT_VERSION = 5.0;
				TARGETED_DEVICE_FAMILY = 1;
			};
			name = Release;
		};
/* End XCBuildConfiguration section */

/* Begin XCConfigurationList section */
		9C138042299DCA4A00BE1486 /* Build configuration list for PBXProject "AlamofireTest" */ = {
			isa = XCConfigurationList;
			buildConfigurations = (
				9C138059299DCA4B00BE1486 /* Debug */,
				9C13805A299DCA4B00BE1486 /* Release */,
			);
			defaultConfigurationIsVisible = 0;
			defaultConfigurationName = Release;
		};
		9C13805B299DCA4B00BE1486 /* Build configuration list for PBXNativeTarget "AlamofireTest" */ = {
			isa = XCConfigurationList;
			buildConfigurations = (
				9C13805C299DCA4B00BE1486 /* Debug */,
				9C13805D299DCA4B00BE1486 /* Release */,
			);
			defaultConfigurationIsVisible = 0;
			defaultConfigurationName = Release;
		};
/* End XCConfigurationList section */
	};
	rootObject = 9C13803F299DCA4A00BE1486 /* Project object */;
}
